// !$*UTF8*$!
{
	archiveVersion = 1;
	classes = {
	};
	objectVersion = 56;
	objects = {

/* Begin PBXBuildFile section */
		AC0B24142B1A2BC200BC7FAE /* MafiaGameApp.swift in Sources */ = {isa = PBXBuildFile; fileRef = AC0B24132B1A2BC200BC7FAE /* MafiaGameApp.swift */; };
		AC0B24162B1A2BC200BC7FAE /* ContentView.swift in Sources */ = {isa = PBXBuildFile; fileRef = AC0B24152B1A2BC200BC7FAE /* ContentView.swift */; };
		AC0B24182B1A2BC400BC7FAE /* Assets.xcassets in Resources */ = {isa = PBXBuildFile; fileRef = AC0B24172B1A2BC400BC7FAE /* Assets.xcassets */; };
		AC0B241B2B1A2BC400BC7FAE /* Preview Assets.xcassets in Resources */ = {isa = PBXBuildFile; fileRef = AC0B241A2B1A2BC400BC7FAE /* Preview Assets.xcassets */; };
		AC0B24222B1A2E7800BC7FAE /* SplashView.swift in Sources */ = {isa = PBXBuildFile; fileRef = AC0B24212B1A2E7800BC7FAE /* SplashView.swift */; };
		AC0B24252B1A44AF00BC7FAE /* GameView.swift in Sources */ = {isa = PBXBuildFile; fileRef = AC0B24242B1A44AF00BC7FAE /* GameView.swift */; };
		AC0B24272B1A4E8400BC7FAE /* CornerModifier.swift in Sources */ = {isa = PBXBuildFile; fileRef = AC0B24262B1A4E8400BC7FAE /* CornerModifier.swift */; };
		AC448E162B1BEA7D003ACDF3 /* GreenWinsView.swift in Sources */ = {isa = PBXBuildFile; fileRef = AC448E152B1BEA7D003ACDF3 /* GreenWinsView.swift */; };
		AC6AA5E92B1A6CBE009B404F /* StatsView.swift in Sources */ = {isa = PBXBuildFile; fileRef = AC6AA5E82B1A6CBE009B404F /* StatsView.swift */; };
		AC6AA5F82B1A6F9F009B404F /* Roboto-Medium.ttf in Resources */ = {isa = PBXBuildFile; fileRef = AC6AA5EB2B1A6F9F009B404F /* Roboto-Medium.ttf */; };
		AC6AA5F92B1A6F9F009B404F /* Roboto-Light.ttf in Resources */ = {isa = PBXBuildFile; fileRef = AC6AA5EC2B1A6F9F009B404F /* Roboto-Light.ttf */; };
		AC6AA5FA2B1A6F9F009B404F /* Roboto-Regular.ttf in Resources */ = {isa = PBXBuildFile; fileRef = AC6AA5ED2B1A6F9F009B404F /* Roboto-Regular.ttf */; };
		AC6AA5FB2B1A6F9F009B404F /* Roboto-MediumItalic.ttf in Resources */ = {isa = PBXBuildFile; fileRef = AC6AA5EE2B1A6F9F009B404F /* Roboto-MediumItalic.ttf */; };
		AC6AA5FC2B1A6F9F009B404F /* Roboto-ThinItalic.ttf in Resources */ = {isa = PBXBuildFile; fileRef = AC6AA5EF2B1A6F9F009B404F /* Roboto-ThinItalic.ttf */; };
		AC6AA5FD2B1A6F9F009B404F /* Roboto-BoldItalic.ttf in Resources */ = {isa = PBXBuildFile; fileRef = AC6AA5F02B1A6F9F009B404F /* Roboto-BoldItalic.ttf */; };
		AC6AA5FE2B1A6F9F009B404F /* Roboto-LightItalic.ttf in Resources */ = {isa = PBXBuildFile; fileRef = AC6AA5F12B1A6F9F009B404F /* Roboto-LightItalic.ttf */; };
		AC6AA5FF2B1A6F9F009B404F /* Roboto-Italic.ttf in Resources */ = {isa = PBXBuildFile; fileRef = AC6AA5F22B1A6F9F009B404F /* Roboto-Italic.ttf */; };
		AC6AA6002B1A6F9F009B404F /* LICENSE.txt in Resources */ = {isa = PBXBuildFile; fileRef = AC6AA5F32B1A6F9F009B404F /* LICENSE.txt */; };
		AC6AA6012B1A6F9F009B404F /* Roboto-BlackItalic.ttf in Resources */ = {isa = PBXBuildFile; fileRef = AC6AA5F42B1A6F9F009B404F /* Roboto-BlackItalic.ttf */; };
		AC6AA6022B1A6F9F009B404F /* Roboto-Bold.ttf in Resources */ = {isa = PBXBuildFile; fileRef = AC6AA5F52B1A6F9F009B404F /* Roboto-Bold.ttf */; };
		AC6AA6032B1A6F9F009B404F /* Roboto-Thin.ttf in Resources */ = {isa = PBXBuildFile; fileRef = AC6AA5F62B1A6F9F009B404F /* Roboto-Thin.ttf */; };
		AC6AA6042B1A6F9F009B404F /* Roboto-Black.ttf in Resources */ = {isa = PBXBuildFile; fileRef = AC6AA5F72B1A6F9F009B404F /* Roboto-Black.ttf */; };
		AC6AA6062B1A73E3009B404F /* View+InnerShadow.swift in Sources */ = {isa = PBXBuildFile; fileRef = AC6AA6052B1A73E3009B404F /* View+InnerShadow.swift */; };
		AC6AA60A2B1A75B9009B404F /* StatCell.swift in Sources */ = {isa = PBXBuildFile; fileRef = AC6AA6092B1A75B9009B404F /* StatCell.swift */; };
		AC6AA60C2B1A87B0009B404F /* CharacterCell.swift in Sources */ = {isa = PBXBuildFile; fileRef = AC6AA60B2B1A87B0009B404F /* CharacterCell.swift */; };
		AC6AA60E2B1A87C9009B404F /* CityView.swift in Sources */ = {isa = PBXBuildFile; fileRef = AC6AA60D2B1A87C9009B404F /* CityView.swift */; };
		AC6AA6122B1B270C009B404F /* TabBar.swift in Sources */ = {isa = PBXBuildFile; fileRef = AC6AA6112B1B270C009B404F /* TabBar.swift */; };
		AC6AA6142B1B2896009B404F /* TabbarRouter.swift in Sources */ = {isa = PBXBuildFile; fileRef = AC6AA6132B1B2896009B404F /* TabbarRouter.swift */; };
		AC6AA6162B1B2952009B404F /* HelpView.swift in Sources */ = {isa = PBXBuildFile; fileRef = AC6AA6152B1B2952009B404F /* HelpView.swift */; };
		AC6AA6182B1B2A0D009B404F /* TabBarItem.swift in Sources */ = {isa = PBXBuildFile; fileRef = AC6AA6172B1B2A0D009B404F /* TabBarItem.swift */; };
		AC6AA6392B1BA5B7009B404F /* TabModel.swift in Sources */ = {isa = PBXBuildFile; fileRef = AC6AA6382B1BA5B7009B404F /* TabModel.swift */; };
		AC6AA63D2B1BCD91009B404F /* CharacterModel.swift in Sources */ = {isa = PBXBuildFile; fileRef = AC6AA63C2B1BCD91009B404F /* CharacterModel.swift */; };
		ACE9DD4C2B1D2CD400C5E1D6 /* MafiaWinsView.swift in Sources */ = {isa = PBXBuildFile; fileRef = ACE9DD4B2B1D2CD400C5E1D6 /* MafiaWinsView.swift */; };
/* End PBXBuildFile section */

/* Begin PBXFileReference section */
		AC0B24102B1A2BC200BC7FAE /* MafiaGame.app */ = {isa = PBXFileReference; explicitFileType = wrapper.application; includeInIndex = 0; path = MafiaGame.app; sourceTree = BUILT_PRODUCTS_DIR; };
		AC0B24132B1A2BC200BC7FAE /* MafiaGameApp.swift */ = {isa = PBXFileReference; lastKnownFileType = sourcecode.swift; path = MafiaGameApp.swift; sourceTree = "<group>"; };
		AC0B24152B1A2BC200BC7FAE /* ContentView.swift */ = {isa = PBXFileReference; lastKnownFileType = sourcecode.swift; path = ContentView.swift; sourceTree = "<group>"; };
		AC0B24172B1A2BC400BC7FAE /* Assets.xcassets */ = {isa = PBXFileReference; lastKnownFileType = folder.assetcatalog; path = Assets.xcassets; sourceTree = "<group>"; };
		AC0B241A2B1A2BC400BC7FAE /* Preview Assets.xcassets */ = {isa = PBXFileReference; lastKnownFileType = folder.assetcatalog; path = "Preview Assets.xcassets"; sourceTree = "<group>"; };
		AC0B24212B1A2E7800BC7FAE /* SplashView.swift */ = {isa = PBXFileReference; lastKnownFileType = sourcecode.swift; path = SplashView.swift; sourceTree = "<group>"; };
		AC0B24242B1A44AF00BC7FAE /* GameView.swift */ = {isa = PBXFileReference; lastKnownFileType = sourcecode.swift; path = GameView.swift; sourceTree = "<group>"; };
		AC0B24262B1A4E8400BC7FAE /* CornerModifier.swift */ = {isa = PBXFileReference; lastKnownFileType = sourcecode.swift; path = CornerModifier.swift; sourceTree = "<group>"; };
		AC448E152B1BEA7D003ACDF3 /* GreenWinsView.swift */ = {isa = PBXFileReference; lastKnownFileType = sourcecode.swift; path = GreenWinsView.swift; sourceTree = "<group>"; };
		AC6AA5E82B1A6CBE009B404F /* StatsView.swift */ = {isa = PBXFileReference; lastKnownFileType = sourcecode.swift; path = StatsView.swift; sourceTree = "<group>"; };
		AC6AA5EB2B1A6F9F009B404F /* Roboto-Medium.ttf */ = {isa = PBXFileReference; lastKnownFileType = file; path = "Roboto-Medium.ttf"; sourceTree = "<group>"; };
		AC6AA5EC2B1A6F9F009B404F /* Roboto-Light.ttf */ = {isa = PBXFileReference; lastKnownFileType = file; path = "Roboto-Light.ttf"; sourceTree = "<group>"; };
		AC6AA5ED2B1A6F9F009B404F /* Roboto-Regular.ttf */ = {isa = PBXFileReference; lastKnownFileType = file; path = "Roboto-Regular.ttf"; sourceTree = "<group>"; };
		AC6AA5EE2B1A6F9F009B404F /* Roboto-MediumItalic.ttf */ = {isa = PBXFileReference; lastKnownFileType = file; path = "Roboto-MediumItalic.ttf"; sourceTree = "<group>"; };
		AC6AA5EF2B1A6F9F009B404F /* Roboto-ThinItalic.ttf */ = {isa = PBXFileReference; lastKnownFileType = file; path = "Roboto-ThinItalic.ttf"; sourceTree = "<group>"; };
		AC6AA5F02B1A6F9F009B404F /* Roboto-BoldItalic.ttf */ = {isa = PBXFileReference; lastKnownFileType = file; path = "Roboto-BoldItalic.ttf"; sourceTree = "<group>"; };
		AC6AA5F12B1A6F9F009B404F /* Roboto-LightItalic.ttf */ = {isa = PBXFileReference; lastKnownFileType = file; path = "Roboto-LightItalic.ttf"; sourceTree = "<group>"; };
		AC6AA5F22B1A6F9F009B404F /* Roboto-Italic.ttf */ = {isa = PBXFileReference; lastKnownFileType = file; path = "Roboto-Italic.ttf"; sourceTree = "<group>"; };
		AC6AA5F32B1A6F9F009B404F /* LICENSE.txt */ = {isa = PBXFileReference; fileEncoding = 4; lastKnownFileType = text; path = LICENSE.txt; sourceTree = "<group>"; };
		AC6AA5F42B1A6F9F009B404F /* Roboto-BlackItalic.ttf */ = {isa = PBXFileReference; lastKnownFileType = file; path = "Roboto-BlackItalic.ttf"; sourceTree = "<group>"; };
		AC6AA5F52B1A6F9F009B404F /* Roboto-Bold.ttf */ = {isa = PBXFileReference; lastKnownFileType = file; path = "Roboto-Bold.ttf"; sourceTree = "<group>"; };
		AC6AA5F62B1A6F9F009B404F /* Roboto-Thin.ttf */ = {isa = PBXFileReference; lastKnownFileType = file; path = "Roboto-Thin.ttf"; sourceTree = "<group>"; };
		AC6AA5F72B1A6F9F009B404F /* Roboto-Black.ttf */ = {isa = PBXFileReference; lastKnownFileType = file; path = "Roboto-Black.ttf"; sourceTree = "<group>"; };
		AC6AA6052B1A73E3009B404F /* View+InnerShadow.swift */ = {isa = PBXFileReference; lastKnownFileType = sourcecode.swift; path = "View+InnerShadow.swift"; sourceTree = "<group>"; };
		AC6AA6092B1A75B9009B404F /* StatCell.swift */ = {isa = PBXFileReference; lastKnownFileType = sourcecode.swift; path = StatCell.swift; sourceTree = "<group>"; };
		AC6AA60B2B1A87B0009B404F /* CharacterCell.swift */ = {isa = PBXFileReference; lastKnownFileType = sourcecode.swift; path = CharacterCell.swift; sourceTree = "<group>"; };
		AC6AA60D2B1A87C9009B404F /* CityView.swift */ = {isa = PBXFileReference; lastKnownFileType = sourcecode.swift; path = CityView.swift; sourceTree = "<group>"; };
		AC6AA60F2B1AA32A009B404F /* Info.plist */ = {isa = PBXFileReference; lastKnownFileType = text.plist; path = Info.plist; sourceTree = "<group>"; };
		AC6AA6112B1B270C009B404F /* TabBar.swift */ = {isa = PBXFileReference; lastKnownFileType = sourcecode.swift; path = TabBar.swift; sourceTree = "<group>"; };
		AC6AA6132B1B2896009B404F /* TabbarRouter.swift */ = {isa = PBXFileReference; lastKnownFileType = sourcecode.swift; path = TabbarRouter.swift; sourceTree = "<group>"; };
		AC6AA6152B1B2952009B404F /* HelpView.swift */ = {isa = PBXFileReference; lastKnownFileType = sourcecode.swift; path = HelpView.swift; sourceTree = "<group>"; };
		AC6AA6172B1B2A0D009B404F /* TabBarItem.swift */ = {isa = PBXFileReference; lastKnownFileType = sourcecode.swift; path = TabBarItem.swift; sourceTree = "<group>"; };
		AC6AA6382B1BA5B7009B404F /* TabModel.swift */ = {isa = PBXFileReference; lastKnownFileType = sourcecode.swift; path = TabModel.swift; sourceTree = "<group>"; };
		AC6AA63C2B1BCD91009B404F /* CharacterModel.swift */ = {isa = PBXFileReference; lastKnownFileType = sourcecode.swift; path = CharacterModel.swift; sourceTree = "<group>"; };
		ACE9DD4B2B1D2CD400C5E1D6 /* MafiaWinsView.swift */ = {isa = PBXFileReference; lastKnownFileType = sourcecode.swift; path = MafiaWinsView.swift; sourceTree = "<group>"; };
/* End PBXFileReference section */

/* Begin PBXFrameworksBuildPhase section */
		AC0B240D2B1A2BC200BC7FAE /* Frameworks */ = {
			isa = PBXFrameworksBuildPhase;
			buildActionMask = 2147483647;
			files = (
			);
			runOnlyForDeploymentPostprocessing = 0;
		};
/* End PBXFrameworksBuildPhase section */

/* Begin PBXGroup section */
		AC0B24072B1A2BC200BC7FAE = {
			isa = PBXGroup;
			children = (
				AC0B24122B1A2BC200BC7FAE /* MafiaGame */,
				AC0B24112B1A2BC200BC7FAE /* Products */,
			);
			sourceTree = "<group>";
		};
		AC0B24112B1A2BC200BC7FAE /* Products */ = {
			isa = PBXGroup;
			children = (
				AC0B24102B1A2BC200BC7FAE /* MafiaGame.app */,
			);
			name = Products;
			sourceTree = "<group>";
		};
		AC0B24122B1A2BC200BC7FAE /* MafiaGame */ = {
			isa = PBXGroup;
			children = (
				AC6AA60F2B1AA32A009B404F /* Info.plist */,
				AC0B24132B1A2BC200BC7FAE /* MafiaGameApp.swift */,
				AC0B24152B1A2BC200BC7FAE /* ContentView.swift */,
				AC6AA6102B1B26FC009B404F /* TabBar */,
				AC6AA6072B1A7579009B404F /* Views */,
				AC0B24232B1A43B700BC7FAE /* Screens */,
				AC6AA6082B1A759A009B404F /* Components */,
				AC0B24282B1A4EC300BC7FAE /* Extensions */,
				AC0B24172B1A2BC400BC7FAE /* Assets.xcassets */,
				AC6AA5EA2B1A6F9F009B404F /* Roboto */,
				AC0B24192B1A2BC400BC7FAE /* Preview Content */,
			);
			path = MafiaGame;
			sourceTree = "<group>";
		};
		AC0B24192B1A2BC400BC7FAE /* Preview Content */ = {
			isa = PBXGroup;
			children = (
				AC0B241A2B1A2BC400BC7FAE /* Preview Assets.xcassets */,
			);
			path = "Preview Content";
			sourceTree = "<group>";
		};
		AC0B24232B1A43B700BC7FAE /* Screens */ = {
			isa = PBXGroup;
			children = (
				AC0B24212B1A2E7800BC7FAE /* SplashView.swift */,
				AC0B24242B1A44AF00BC7FAE /* GameView.swift */,
				AC6AA6152B1B2952009B404F /* HelpView.swift */,
			);
			path = Screens;
			sourceTree = "<group>";
		};
		AC0B24282B1A4EC300BC7FAE /* Extensions */ = {
			isa = PBXGroup;
			children = (
				AC0B24262B1A4E8400BC7FAE /* CornerModifier.swift */,
				AC6AA6052B1A73E3009B404F /* View+InnerShadow.swift */,
			);
			path = Extensions;
			sourceTree = "<group>";
		};
		AC6AA5EA2B1A6F9F009B404F /* Roboto */ = {
			isa = PBXGroup;
			children = (
				AC6AA5EB2B1A6F9F009B404F /* Roboto-Medium.ttf */,
				AC6AA5EC2B1A6F9F009B404F /* Roboto-Light.ttf */,
				AC6AA5ED2B1A6F9F009B404F /* Roboto-Regular.ttf */,
				AC6AA5EE2B1A6F9F009B404F /* Roboto-MediumItalic.ttf */,
				AC6AA5EF2B1A6F9F009B404F /* Roboto-ThinItalic.ttf */,
				AC6AA5F02B1A6F9F009B404F /* Roboto-BoldItalic.ttf */,
				AC6AA5F12B1A6F9F009B404F /* Roboto-LightItalic.ttf */,
				AC6AA5F22B1A6F9F009B404F /* Roboto-Italic.ttf */,
				AC6AA5F32B1A6F9F009B404F /* LICENSE.txt */,
				AC6AA5F42B1A6F9F009B404F /* Roboto-BlackItalic.ttf */,
				AC6AA5F52B1A6F9F009B404F /* Roboto-Bold.ttf */,
				AC6AA5F62B1A6F9F009B404F /* Roboto-Thin.ttf */,
				AC6AA5F72B1A6F9F009B404F /* Roboto-Black.ttf */,
			);
			path = Roboto;
			sourceTree = "<group>";
		};
		AC6AA6072B1A7579009B404F /* Views */ = {
			isa = PBXGroup;
			children = (
				AC6AA5E82B1A6CBE009B404F /* StatsView.swift */,
				AC6AA60D2B1A87C9009B404F /* CityView.swift */,
				ACE9DD4B2B1D2CD400C5E1D6 /* MafiaWinsView.swift */,
				AC448E152B1BEA7D003ACDF3 /* GreenWinsView.swift */,
			);
			path = Views;
			sourceTree = "<group>";
		};
		AC6AA6082B1A759A009B404F /* Components */ = {
			isa = PBXGroup;
			children = (
				AC6AA6092B1A75B9009B404F /* StatCell.swift */,
				AC6AA63C2B1BCD91009B404F /* CharacterModel.swift */,
				AC6AA60B2B1A87B0009B404F /* CharacterCell.swift */,
			);
			path = Components;
			sourceTree = "<group>";
		};
		AC6AA6102B1B26FC009B404F /* TabBar */ = {
			isa = PBXGroup;
			children = (
				AC6AA6112B1B270C009B404F /* TabBar.swift */,
				AC6AA6382B1BA5B7009B404F /* TabModel.swift */,
				AC6AA6172B1B2A0D009B404F /* TabBarItem.swift */,
				AC6AA6132B1B2896009B404F /* TabbarRouter.swift */,
			);
			path = TabBar;
			sourceTree = "<group>";
		};
/* End PBXGroup section */

/* Begin PBXNativeTarget section */
		AC0B240F2B1A2BC200BC7FAE /* MafiaGame */ = {
			isa = PBXNativeTarget;
			buildConfigurationList = AC0B241E2B1A2BC400BC7FAE /* Build configuration list for PBXNativeTarget "MafiaGame" */;
			buildPhases = (
				AC0B240C2B1A2BC200BC7FAE /* Sources */,
				AC0B240D2B1A2BC200BC7FAE /* Frameworks */,
				AC0B240E2B1A2BC200BC7FAE /* Resources */,
			);
			buildRules = (
			);
			dependencies = (
			);
			name = MafiaGame;
			productName = MafiaGame;
			productReference = AC0B24102B1A2BC200BC7FAE /* MafiaGame.app */;
			productType = "com.apple.product-type.application";
		};
/* End PBXNativeTarget section */

/* Begin PBXProject section */
		AC0B24082B1A2BC200BC7FAE /* Project object */ = {
			isa = PBXProject;
			attributes = {
				BuildIndependentTargetsInParallel = 1;
				LastSwiftUpdateCheck = 1430;
				LastUpgradeCheck = 1430;
				TargetAttributes = {
					AC0B240F2B1A2BC200BC7FAE = {
						CreatedOnToolsVersion = 14.3.1;
					};
				};
			};
			buildConfigurationList = AC0B240B2B1A2BC200BC7FAE /* Build configuration list for PBXProject "MafiaGame" */;
			compatibilityVersion = "Xcode 14.0";
			developmentRegion = en;
			hasScannedForEncodings = 0;
			knownRegions = (
				en,
				Base,
			);
			mainGroup = AC0B24072B1A2BC200BC7FAE;
			productRefGroup = AC0B24112B1A2BC200BC7FAE /* Products */;
			projectDirPath = "";
			projectRoot = "";
			targets = (
				AC0B240F2B1A2BC200BC7FAE /* MafiaGame */,
			);
		};
/* End PBXProject section */

/* Begin PBXResourcesBuildPhase section */
		AC0B240E2B1A2BC200BC7FAE /* Resources */ = {
			isa = PBXResourcesBuildPhase;
			buildActionMask = 2147483647;
			files = (
				AC6AA6032B1A6F9F009B404F /* Roboto-Thin.ttf in Resources */,
				AC6AA6002B1A6F9F009B404F /* LICENSE.txt in Resources */,
				AC6AA6042B1A6F9F009B404F /* Roboto-Black.ttf in Resources */,
				AC6AA6022B1A6F9F009B404F /* Roboto-Bold.ttf in Resources */,
				AC0B241B2B1A2BC400BC7FAE /* Preview Assets.xcassets in Resources */,
				AC0B24182B1A2BC400BC7FAE /* Assets.xcassets in Resources */,
				AC6AA5FD2B1A6F9F009B404F /* Roboto-BoldItalic.ttf in Resources */,
				AC6AA5FA2B1A6F9F009B404F /* Roboto-Regular.ttf in Resources */,
				AC6AA5FC2B1A6F9F009B404F /* Roboto-ThinItalic.ttf in Resources */,
				AC6AA5FE2B1A6F9F009B404F /* Roboto-LightItalic.ttf in Resources */,
				AC6AA6012B1A6F9F009B404F /* Roboto-BlackItalic.ttf in Resources */,
				AC6AA5F92B1A6F9F009B404F /* Roboto-Light.ttf in Resources */,
				AC6AA5FF2B1A6F9F009B404F /* Roboto-Italic.ttf in Resources */,
				AC6AA5FB2B1A6F9F009B404F /* Roboto-MediumItalic.ttf in Resources */,
				AC6AA5F82B1A6F9F009B404F /* Roboto-Medium.ttf in Resources */,
			);
			runOnlyForDeploymentPostprocessing = 0;
		};
/* End PBXResourcesBuildPhase section */

/* Begin PBXSourcesBuildPhase section */
		AC0B240C2B1A2BC200BC7FAE /* Sources */ = {
			isa = PBXSourcesBuildPhase;
			buildActionMask = 2147483647;
			files = (
				AC0B24162B1A2BC200BC7FAE /* ContentView.swift in Sources */,
				AC6AA6162B1B2952009B404F /* HelpView.swift in Sources */,
				AC6AA60E2B1A87C9009B404F /* CityView.swift in Sources */,
				AC0B24142B1A2BC200BC7FAE /* MafiaGameApp.swift in Sources */,
				AC6AA6182B1B2A0D009B404F /* TabBarItem.swift in Sources */,
				AC6AA5E92B1A6CBE009B404F /* StatsView.swift in Sources */,
				AC6AA60C2B1A87B0009B404F /* CharacterCell.swift in Sources */,
				AC0B24272B1A4E8400BC7FAE /* CornerModifier.swift in Sources */,
				AC6AA6142B1B2896009B404F /* TabbarRouter.swift in Sources */,
				AC6AA6392B1BA5B7009B404F /* TabModel.swift in Sources */,
				AC6AA6062B1A73E3009B404F /* View+InnerShadow.swift in Sources */,
				AC6AA60A2B1A75B9009B404F /* StatCell.swift in Sources */,
				AC6AA6122B1B270C009B404F /* TabBar.swift in Sources */,
				AC6AA63D2B1BCD91009B404F /* CharacterModel.swift in Sources */,
				ACE9DD4C2B1D2CD400C5E1D6 /* MafiaWinsView.swift in Sources */,
				AC0B24252B1A44AF00BC7FAE /* GameView.swift in Sources */,
				AC0B24222B1A2E7800BC7FAE /* SplashView.swift in Sources */,
				AC448E162B1BEA7D003ACDF3 /* GreenWinsView.swift in Sources */,
			);
			runOnlyForDeploymentPostprocessing = 0;
		};
/* End PBXSourcesBuildPhase section */

/* Begin XCBuildConfiguration section */
		AC0B241C2B1A2BC400BC7FAE /* Debug */ = {
			isa = XCBuildConfiguration;
			buildSettings = {
				ALWAYS_SEARCH_USER_PATHS = NO;
				CLANG_ANALYZER_NONNULL = YES;
				CLANG_ANALYZER_NUMBER_OBJECT_CONVERSION = YES_AGGRESSIVE;
				CLANG_CXX_LANGUAGE_STANDARD = "gnu++20";
				CLANG_ENABLE_MODULES = YES;
				CLANG_ENABLE_OBJC_ARC = YES;
				CLANG_ENABLE_OBJC_WEAK = YES;
				CLANG_WARN_BLOCK_CAPTURE_AUTORELEASING = YES;
				CLANG_WARN_BOOL_CONVERSION = YES;
				CLANG_WARN_COMMA = YES;
				CLANG_WARN_CONSTANT_CONVERSION = YES;
				CLANG_WARN_DEPRECATED_OBJC_IMPLEMENTATIONS = YES;
				CLANG_WARN_DIRECT_OBJC_ISA_USAGE = YES_ERROR;
				CLANG_WARN_DOCUMENTATION_COMMENTS = YES;
				CLANG_WARN_EMPTY_BODY = YES;
				CLANG_WARN_ENUM_CONVERSION = YES;
				CLANG_WARN_INFINITE_RECURSION = YES;
				CLANG_WARN_INT_CONVERSION = YES;
				CLANG_WARN_NON_LITERAL_NULL_CONVERSION = YES;
				CLANG_WARN_OBJC_IMPLICIT_RETAIN_SELF = YES;
				CLANG_WARN_OBJC_LITERAL_CONVERSION = YES;
				CLANG_WARN_OBJC_ROOT_CLASS = YES_ERROR;
				CLANG_WARN_QUOTED_INCLUDE_IN_FRAMEWORK_HEADER = YES;
				CLANG_WARN_RANGE_LOOP_ANALYSIS = YES;
				CLANG_WARN_STRICT_PROTOTYPES = YES;
				CLANG_WARN_SUSPICIOUS_MOVE = YES;
				CLANG_WARN_UNGUARDED_AVAILABILITY = YES_AGGRESSIVE;
				CLANG_WARN_UNREACHABLE_CODE = YES;
				CLANG_WARN__DUPLICATE_METHOD_MATCH = YES;
				COPY_PHASE_STRIP = NO;
				DEBUG_INFORMATION_FORMAT = dwarf;
				ENABLE_STRICT_OBJC_MSGSEND = YES;
				ENABLE_TESTABILITY = YES;
				GCC_C_LANGUAGE_STANDARD = gnu11;
				GCC_DYNAMIC_NO_PIC = NO;
				GCC_NO_COMMON_BLOCKS = YES;
				GCC_OPTIMIZATION_LEVEL = 0;
				GCC_PREPROCESSOR_DEFINITIONS = (
					"DEBUG=1",
					"$(inherited)",
				);
				GCC_WARN_64_TO_32_BIT_CONVERSION = YES;
				GCC_WARN_ABOUT_RETURN_TYPE = YES_ERROR;
				GCC_WARN_UNDECLARED_SELECTOR = YES;
				GCC_WARN_UNINITIALIZED_AUTOS = YES_AGGRESSIVE;
				GCC_WARN_UNUSED_FUNCTION = YES;
				GCC_WARN_UNUSED_VARIABLE = YES;
				IPHONEOS_DEPLOYMENT_TARGET = 15.0;
				MTL_ENABLE_DEBUG_INFO = INCLUDE_SOURCE;
				MTL_FAST_MATH = YES;
				ONLY_ACTIVE_ARCH = YES;
				SDKROOT = iphoneos;
				SWIFT_ACTIVE_COMPILATION_CONDITIONS = DEBUG;
				SWIFT_OPTIMIZATION_LEVEL = "-Onone";
			};
			name = Debug;
		};
		AC0B241D2B1A2BC400BC7FAE /* Release */ = {
			isa = XCBuildConfiguration;
			buildSettings = {
				ALWAYS_SEARCH_USER_PATHS = NO;
				CLANG_ANALYZER_NONNULL = YES;
				CLANG_ANALYZER_NUMBER_OBJECT_CONVERSION = YES_AGGRESSIVE;
				CLANG_CXX_LANGUAGE_STANDARD = "gnu++20";
				CLANG_ENABLE_MODULES = YES;
				CLANG_ENABLE_OBJC_ARC = YES;
				CLANG_ENABLE_OBJC_WEAK = YES;
				CLANG_WARN_BLOCK_CAPTURE_AUTORELEASING = YES;
				CLANG_WARN_BOOL_CONVERSION = YES;
				CLANG_WARN_COMMA = YES;
				CLANG_WARN_CONSTANT_CONVERSION = YES;
				CLANG_WARN_DEPRECATED_OBJC_IMPLEMENTATIONS = YES;
				CLANG_WARN_DIRECT_OBJC_ISA_USAGE = YES_ERROR;
				CLANG_WARN_DOCUMENTATION_COMMENTS = YES;
				CLANG_WARN_EMPTY_BODY = YES;
				CLANG_WARN_ENUM_CONVERSION = YES;
				CLANG_WARN_INFINITE_RECURSION = YES;
				CLANG_WARN_INT_CONVERSION = YES;
				CLANG_WARN_NON_LITERAL_NULL_CONVERSION = YES;
				CLANG_WARN_OBJC_IMPLICIT_RETAIN_SELF = YES;
				CLANG_WARN_OBJC_LITERAL_CONVERSION = YES;
				CLANG_WARN_OBJC_ROOT_CLASS = YES_ERROR;
				CLANG_WARN_QUOTED_INCLUDE_IN_FRAMEWORK_HEADER = YES;
				CLANG_WARN_RANGE_LOOP_ANALYSIS = YES;
				CLANG_WARN_STRICT_PROTOTYPES = YES;
				CLANG_WARN_SUSPICIOUS_MOVE = YES;
				CLANG_WARN_UNGUARDED_AVAILABILITY = YES_AGGRESSIVE;
				CLANG_WARN_UNREACHABLE_CODE = YES;
				CLANG_WARN__DUPLICATE_METHOD_MATCH = YES;
				COPY_PHASE_STRIP = NO;
				DEBUG_INFORMATION_FORMAT = "dwarf-with-dsym";
				ENABLE_NS_ASSERTIONS = NO;
				ENABLE_STRICT_OBJC_MSGSEND = YES;
				GCC_C_LANGUAGE_STANDARD = gnu11;
				GCC_NO_COMMON_BLOCKS = YES;
				GCC_WARN_64_TO_32_BIT_CONVERSION = YES;
				GCC_WARN_ABOUT_RETURN_TYPE = YES_ERROR;
				GCC_WARN_UNDECLARED_SELECTOR = YES;
				GCC_WARN_UNINITIALIZED_AUTOS = YES_AGGRESSIVE;
				GCC_WARN_UNUSED_FUNCTION = YES;
				GCC_WARN_UNUSED_VARIABLE = YES;
				IPHONEOS_DEPLOYMENT_TARGET = 15.0;
				MTL_ENABLE_DEBUG_INFO = NO;
				MTL_FAST_MATH = YES;
				SDKROOT = iphoneos;
				SWIFT_COMPILATION_MODE = wholemodule;
				SWIFT_OPTIMIZATION_LEVEL = "-O";
				VALIDATE_PRODUCT = YES;
			};
			name = Release;
		};
		AC0B241F2B1A2BC400BC7FAE /* Debug */ = {
			isa = XCBuildConfiguration;
			buildSettings = {
				ASSETCATALOG_COMPILER_APPICON_NAME = AppIcon;
				ASSETCATALOG_COMPILER_GLOBAL_ACCENT_COLOR_NAME = AccentColor;
				CODE_SIGN_STYLE = Automatic;
				CURRENT_PROJECT_VERSION = 1;
				DEVELOPMENT_ASSET_PATHS = "\"MafiaGame/Preview Content\"";
				DEVELOPMENT_TEAM = 482344W3R3;
				ENABLE_PREVIEWS = YES;
				GENERATE_INFOPLIST_FILE = YES;
				INFOPLIST_FILE = MafiaGame/Info.plist;
				INFOPLIST_KEY_CFBundleDisplayName = "";
				INFOPLIST_KEY_LSApplicationCategoryType = "";
				INFOPLIST_KEY_UIApplicationSceneManifest_Generation = YES;
				INFOPLIST_KEY_UIApplicationSupportsIndirectInputEvents = YES;
				INFOPLIST_KEY_UILaunchScreen_Generation = YES;
				INFOPLIST_KEY_UISupportedInterfaceOrientations = UIInterfaceOrientationPortrait;
				LD_RUNPATH_SEARCH_PATHS = (
					"$(inherited)",
					"@executable_path/Frameworks",
				);
				MARKETING_VERSION = 1.0;
				PRODUCT_BUNDLE_IDENTIFIER = Artemaj.MafiaGame;
				PRODUCT_NAME = "$(TARGET_NAME)";
				SWIFT_EMIT_LOC_STRINGS = YES;
				SWIFT_VERSION = 5.0;
				TARGETED_DEVICE_FAMILY = "1,2";
			};
			name = Debug;
		};
		AC0B24202B1A2BC400BC7FAE /* Release */ = {
			isa = XCBuildConfiguration;
			buildSettings = {
				ASSETCATALOG_COMPILER_APPICON_NAME = AppIcon;
				ASSETCATALOG_COMPILER_GLOBAL_ACCENT_COLOR_NAME = AccentColor;
				CODE_SIGN_STYLE = Automatic;
				CURRENT_PROJECT_VERSION = 1;
				DEVELOPMENT_ASSET_PATHS = "\"MafiaGame/Preview Content\"";
				DEVELOPMENT_TEAM = 482344W3R3;
				ENABLE_PREVIEWS = YES;
				GENERATE_INFOPLIST_FILE = YES;
				INFOPLIST_FILE = MafiaGame/Info.plist;
				INFOPLIST_KEY_CFBundleDisplayName = "";
				INFOPLIST_KEY_LSApplicationCategoryType = "";
				INFOPLIST_KEY_UIApplicationSceneManifest_Generation = YES;
				INFOPLIST_KEY_UIApplicationSupportsIndirectInputEvents = YES;
				INFOPLIST_KEY_UILaunchScreen_Generation = YES;
				INFOPLIST_KEY_UISupportedInterfaceOrientations = UIInterfaceOrientationPortrait;
				LD_RUNPATH_SEARCH_PATHS = (
					"$(inherited)",
					"@executable_path/Frameworks",
				);
				MARKETING_VERSION = 1.0;
				PRODUCT_BUNDLE_IDENTIFIER = Artemaj.MafiaGame;
				PRODUCT_NAME = "$(TARGET_NAME)";
				SWIFT_EMIT_LOC_STRINGS = YES;
				SWIFT_VERSION = 5.0;
				TARGETED_DEVICE_FAMILY = "1,2";
			};
			name = Release;
		};
/* End XCBuildConfiguration section */

/* Begin XCConfigurationList section */
		AC0B240B2B1A2BC200BC7FAE /* Build configuration list for PBXProject "MafiaGame" */ = {
			isa = XCConfigurationList;
			buildConfigurations = (
				AC0B241C2B1A2BC400BC7FAE /* Debug */,
				AC0B241D2B1A2BC400BC7FAE /* Release */,
			);
			defaultConfigurationIsVisible = 0;
			defaultConfigurationName = Release;
		};
		AC0B241E2B1A2BC400BC7FAE /* Build configuration list for PBXNativeTarget "MafiaGame" */ = {
			isa = XCConfigurationList;
			buildConfigurations = (
				AC0B241F2B1A2BC400BC7FAE /* Debug */,
				AC0B24202B1A2BC400BC7FAE /* Release */,
			);
			defaultConfigurationIsVisible = 0;
			defaultConfigurationName = Release;
		};
/* End XCConfigurationList section */
	};
	rootObject = AC0B24082B1A2BC200BC7FAE /* Project object */;
}
